
Microsoft Visual Studio Solution File, Format Version 12.00
# Visual Studio Version 17
VisualStudioVersion = 17.6.33815.320
MinimumVisualStudioVersion = 10.0.40219.1
Project("{9A19103F-16F7-4668-BE54-9A1E7A4F7556}") = "HotelListingAPI", "HotelListingAPI\HotelListingAPI.csproj", "{DEB4735F-CD90-4566-B17A-81F13E91F9CD}"
EndProject
Project("{9A19103F-16F7-4668-BE54-9A1E7A4F7556}") = "HotelListing.MinimalAPI", "HotelListing.MinimalAPI\HotelListing.MinimalAPI.csproj", "{0DACB83D-812C-4E10-B6E6-72E504884FB8}"
EndProject
Project("{FAE04EC0-301F-11D3-BF4B-00C04F79EFBC}") = "HotelListing.API.Data", "HotelListing.Data\HotelListing.API.Data.csproj", "{73CB7FFD-EAE9-4CE1-9C00-3A478F48527D}"
EndProject
Project("{FAE04EC0-301F-11D3-BF4B-00C04F79EFBC}") = "HotelListing.API.Core", "HotelListing.API.Core\HotelListing.API.Core.csproj", "{CB3CC752-E32D-4173-BFCC-90B40580191D}"
EndProject
Global
	GlobalSection(SolutionConfigurationPlatforms) = preSolution
		Debug|Any CPU = Debug|Any CPU
		Release|Any CPU = Release|Any CPU
	EndGlobalSection
	GlobalSection(ProjectConfigurationPlatforms) = postSolution
		{DEB4735F-CD90-4566-B17A-81F13E91F9CD}.Debug|Any CPU.ActiveCfg = Debug|Any CPU
		{DEB4735F-CD90-4566-B17A-81F13E91F9CD}.Debug|Any CPU.Build.0 = Debug|Any CPU
		{DEB4735F-CD90-4566-B17A-81F13E91F9CD}.Release|Any CPU.ActiveCfg = Release|Any CPU
		{DEB4735F-CD90-4566-B17A-81F13E91F9CD}.Release|Any CPU.Build.0 = Release|Any CPU
		{0DACB83D-812C-4E10-B6E6-72E504884FB8}.Debug|Any CPU.ActiveCfg = Debug|Any CPU
		{0DACB83D-812C-4E10-B6E6-72E504884FB8}.Debug|Any CPU.Build.0 = Debug|Any CPU
		{0DACB83D-812C-4E10-B6E6-72E504884FB8}.Release|Any CPU.ActiveCfg = Release|Any CPU
		{0DACB83D-812C-4E10-B6E6-72E504884FB8}.Release|Any CPU.Build.0 = Release|Any CPU
		{73CB7FFD-EAE9-4CE1-9C00-3A478F48527D}.Debug|Any CPU.ActiveCfg = Debug|Any CPU
		{73CB7FFD-EAE9-4CE1-9C00-3A478F48527D}.Debug|Any CPU.Build.0 = Debug|Any CPU
		{73CB7FFD-EAE9-4CE1-9C00-3A478F48527D}.Release|Any CPU.ActiveCfg = Release|Any CPU
		{73CB7FFD-EAE9-4CE1-9C00-3A478F48527D}.Release|Any CPU.Build.0 = Release|Any CPU
		{CB3CC752-E32D-4173-BFCC-90B40580191D}.Debug|Any CPU.ActiveCfg = Debug|Any CPU
		{CB3CC752-E32D-4173-BFCC-90B40580191D}.Debug|Any CPU.Build.0 = Debug|Any CPU
		{CB3CC752-E32D-4173-BFCC-90B40580191D}.Release|Any CPU.ActiveCfg = Release|Any CPU
		{CB3CC752-E32D-4173-BFCC-90B40580191D}.Release|Any CPU.Build.0 = Release|Any CPU
	EndGlobalSection
	GlobalSection(SolutionProperties) = preSolution
		HideSolutionNode = FALSE
	EndGlobalSection
	GlobalSection(ExtensibilityGlobals) = postSolution
		SolutionGuid = {1900F3ED-0516-4898-A9B0-99158D90DEB4}
	EndGlobalSection
EndGlobal
